
Microsoft Visual Studio Solution File, Format Version 12.00
# Visual Studio Version 17
VisualStudioVersion = 17.7.34031.279
MinimumVisualStudioVersion = 10.0.40219.1
Project("{FAE04EC0-301F-11D3-BF4B-00C04F79EFBC}") = "TestingProject", "TestingProject.csproj", "{15557511-C201-46F8-B356-61AABA3C7C26}"
EndProject
Global
	GlobalSection(SolutionConfigurationPlatforms) = preSolution
		Debug|Any CPU = Debug|Any CPU
		Release|Any CPU = Release|Any CPU
	EndGlobalSection
	GlobalSection(ProjectConfigurationPlatforms) = postSolution
		{15557511-C201-46F8-B356-61AABA3C7C26}.Debug|Any CPU.ActiveCfg = Debug|Any CPU
		{15557511-C201-46F8-B356-61AABA3C7C26}.Debug|Any CPU.Build.0 = Debug|Any CPU
		{15557511-C201-46F8-B356-61AABA3C7C26}.Release|Any CPU.ActiveCfg = Release|Any CPU
		{15557511-C201-46F8-B356-61AABA3C7C26}.Release|Any CPU.Build.0 = Release|Any CPU
	EndGlobalSection
	GlobalSection(SolutionProperties) = preSolution
		HideSolutionNode = FALSE
	EndGlobalSection
	GlobalSection(ExtensibilityGlobals) = postSolution
		SolutionGuid = {B5A48DEE-46D5-45DE-B69C-09D3431F3F44}
	EndGlobalSection
EndGlobal
